{
  "version": 4,
  "terraform_version": "1.1.7",
  "serial": 71,
  "lineage": "994c5252-cbef-a34b-bef0-ba54ea23a9c3",
  "outputs": {
    "external-ports": {
      "value": "49166,49167,49165",
      "type": "string"
    },
    "nginx_ip": {
      "value": "159.223.35.70",
      "type": "string"
    }
  },
  "resources": [
    {
      "mode": "data",
      "type": "digitalocean_ssh_key",
      "name": "chuk",
      "provider": "provider[\"registry.terraform.io/digitalocean/digitalocean\"]",
      "instances": [
        {
          "schema_version": 0,
          "attributes": {
            "fingerprint": "13:16:80:d9:3d:ba:2f:a1:c1:14:80:ee:58:dc:5f:cd",
            "id": 33763936,
            "name": "rootkey",
            "public_key": "ssh-rsa AAAAB3NzaC1yc2EAAAADAQABAAABgQDQwLx5PHrj9EC8JiebDzGNrRSlLi8WBKELDNwzOzpcUEN2MOfXkYtyv3ReRHaaYtwkXZ8ZrO/IsdC4QChYIF6IFMbHpwDNrsOcFVZ3pS4dQdGZrbVxk9kiIVrZ5n4n8uJTvfYwIrSEoXyqB3ZfbcBKyV3Mnzd72if+D5buJ2sYbpb4/kNVXPvgjJc86T5Re9zalrkISiNTDFFbOIlAkYI3NeFQmF1fOY48LtHmRnl2MPZqYTtprBC1kbrBDUuQ+j3sQ8hWDd5lRUoexV8EAXYD2wyfJem3fXq0k7C5/HrYF5+FF1XIq+WGNx7Jcw0eUcjoJXIMQipoSWDuEfATDX0N3/pJs+OQgB3hkmVVrcG+c+vqicNsddKO9cVySQWEcnMb9Vyu0vNermiYXY0tAd0c4b1EOsqlMTz5DRxS/gDGhlu12n+VfUb3Q+Q68E2Gpza7BC2paK8Me0govn8DGIv0sUmquFOBTPwTcI47HjqBDc8YakbUnbt78fi4B9BdtWU= root@ubuntu-s-2vcpu-2gb-sgp1-01"
          },
          "sensitive_attributes": []
        }
      ]
    },
    {
      "mode": "managed",
      "type": "digitalocean_droplet",
      "name": "nginx",
      "provider": "provider[\"registry.terraform.io/digitalocean/digitalocean\"]",
      "instances": [
        {
          "schema_version": 1,
          "attributes": {
            "backups": false,
            "created_at": "2022-03-22T14:24:44Z",
            "disk": 25,
            "droplet_agent": null,
            "graceful_shutdown": false,
            "id": "291772171",
            "image": "ubuntu-20-04-x64",
            "ipv4_address": "159.223.35.70",
            "ipv4_address_private": "10.104.0.3",
            "ipv6": false,
            "ipv6_address": "",
            "locked": false,
            "memory": 1024,
            "monitoring": false,
            "name": "nginx",
            "price_hourly": 0.00744,
            "price_monthly": 5,
            "private_networking": true,
            "region": "sgp1",
            "resize_disk": true,
            "size": "s-1vcpu-1gb",
            "ssh_keys": [
              "33763936"
            ],
            "status": "active",
            "tags": null,
            "urn": "do:droplet:291772171",
            "user_data": null,
            "vcpus": 1,
            "volume_ids": [],
            "vpc_uuid": "75410a6b-b7c7-40bb-9307-0b8eee431b67"
          },
          "sensitive_attributes": [],
          "private": "eyJzY2hlbWFfdmVyc2lvbiI6IjEifQ==",
          "dependencies": [
            "data.digitalocean_ssh_key.chuk"
          ]
        }
      ]
    },
    {
      "mode": "managed",
      "type": "docker_container",
      "name": "dov-bear-container",
      "provider": "provider[\"registry.terraform.io/kreuzwerker/docker\"]",
      "instances": [
        {
          "index_key": 0,
          "schema_version": 2,
          "attributes": {
            "attach": false,
            "bridge": "",
            "capabilities": [],
            "command": [],
            "container_logs": null,
            "cpu_set": "",
            "cpu_shares": 0,
            "destroy_grace_seconds": null,
            "devices": [],
            "dns": [],
            "dns_opts": [],
            "dns_search": [],
            "domainname": "",
            "entrypoint": [
              "node",
              "main.js"
            ],
            "env": [
              "INSTANCE_NAME=dov-0"
            ],
            "exit_code": null,
            "gateway": "172.17.0.1",
            "group_add": [],
            "healthcheck": [
              {
                "interval": "30s",
                "retries": 3,
                "start_period": "5s",
                "test": [
                  "CMD-SHELL",
                  "curl -s -f localhost:3000/healthz || exit 1"
                ],
                "timeout": "5s"
              }
            ],
            "host": [],
            "hostname": "a61d50f33429",
            "id": "a61d50f334294d3c9e1b006b090fad79ea635d9d460351b86a92a60406b1ec93",
            "image": "sha256:6a1960b234eaa1625d7a0baf066e0b56bfab9d71d060088b9f732dd283c67a75",
            "init": false,
            "ip_address": "172.17.0.3",
            "ip_prefix_length": 16,
            "ipc_mode": "private",
            "labels": [],
            "links": [],
            "log_driver": "json-file",
            "log_opts": {},
            "logs": false,
            "max_retry_count": 0,
            "memory": 0,
            "memory_swap": 0,
            "mounts": [],
            "must_run": true,
            "name": "dov-0",
            "network_alias": null,
            "network_data": [
              {
                "gateway": "172.17.0.1",
                "global_ipv6_address": "",
                "global_ipv6_prefix_length": 0,
                "ip_address": "172.17.0.3",
                "ip_prefix_length": 16,
                "ipv6_gateway": "",
                "network_name": "bridge"
              }
            ],
            "network_mode": "default",
            "networks": null,
            "networks_advanced": [],
            "pid_mode": "",
            "ports": [
              {
                "external": 49166,
                "internal": 3000,
                "ip": "0.0.0.0",
                "protocol": "tcp"
              }
            ],
            "privileged": false,
            "publish_all_ports": false,
            "read_only": false,
            "remove_volumes": true,
            "restart": "no",
            "rm": false,
            "security_opts": [],
            "shm_size": 64,
            "start": true,
            "stdin_open": false,
            "storage_opts": {},
            "sysctls": {},
            "tmpfs": {},
            "tty": false,
            "ulimit": [],
            "upload": [],
            "user": "",
            "userns_mode": "",
            "volumes": [],
            "working_dir": "/app"
          },
          "sensitive_attributes": [],
          "private": "eyJzY2hlbWFfdmVyc2lvbiI6IjIifQ==",
          "dependencies": [
            "docker_image.dov-bear"
          ]
        },
        {
          "index_key": 1,
          "schema_version": 2,
          "attributes": {
            "attach": false,
            "bridge": "",
            "capabilities": [],
            "command": [],
            "container_logs": null,
            "cpu_set": "",
            "cpu_shares": 0,
            "destroy_grace_seconds": null,
            "devices": [],
            "dns": [],
            "dns_opts": [],
            "dns_search": [],
            "domainname": "",
            "entrypoint": [
              "node",
              "main.js"
            ],
            "env": [
              "INSTANCE_NAME=dov-1"
            ],
            "exit_code": null,
            "gateway": "172.17.0.1",
            "group_add": [],
            "healthcheck": [
              {
                "interval": "30s",
                "retries": 3,
                "start_period": "5s",
                "test": [
                  "CMD-SHELL",
                  "curl -s -f localhost:3000/healthz || exit 1"
                ],
                "timeout": "5s"
              }
            ],
            "host": [],
            "hostname": "f10c01c2db6b",
            "id": "f10c01c2db6bb10133c24f783c216b1072b2482c63cbac2f51d462404c65c8c1",
            "image": "sha256:6a1960b234eaa1625d7a0baf066e0b56bfab9d71d060088b9f732dd283c67a75",
            "init": false,
            "ip_address": "172.17.0.4",
            "ip_prefix_length": 16,
            "ipc_mode": "private",
            "labels": [],
            "links": [],
            "log_driver": "json-file",
            "log_opts": {},
            "logs": false,
            "max_retry_count": 0,
            "memory": 0,
            "memory_swap": 0,
            "mounts": [],
            "must_run": true,
            "name": "dov-1",
            "network_alias": null,
            "network_data": [
              {
                "gateway": "172.17.0.1",
                "global_ipv6_address": "",
                "global_ipv6_prefix_length": 0,
                "ip_address": "172.17.0.4",
                "ip_prefix_length": 16,
                "ipv6_gateway": "",
                "network_name": "bridge"
              }
            ],
            "network_mode": "default",
            "networks": null,
            "networks_advanced": [],
            "pid_mode": "",
            "ports": [
              {
                "external": 49167,
                "internal": 3000,
                "ip": "0.0.0.0",
                "protocol": "tcp"
              }
            ],
            "privileged": false,
            "publish_all_ports": false,
            "read_only": false,
            "remove_volumes": true,
            "restart": "no",
            "rm": false,
            "security_opts": [],
            "shm_size": 64,
            "start": true,
            "stdin_open": false,
            "storage_opts": {},
            "sysctls": {},
            "tmpfs": {},
            "tty": false,
            "ulimit": [],
            "upload": [],
            "user": "",
            "userns_mode": "",
            "volumes": [],
            "working_dir": "/app"
          },
          "sensitive_attributes": [],
          "private": "eyJzY2hlbWFfdmVyc2lvbiI6IjIifQ==",
          "dependencies": [
            "docker_image.dov-bear"
          ]
        },
        {
          "index_key": 2,
          "schema_version": 2,
          "attributes": {
            "attach": false,
            "bridge": "",
            "capabilities": [],
            "command": [],
            "container_logs": null,
            "cpu_set": "",
            "cpu_shares": 0,
            "destroy_grace_seconds": null,
            "devices": [],
            "dns": [],
            "dns_opts": [],
            "dns_search": [],
            "domainname": "",
            "entrypoint": [
              "node",
              "main.js"
            ],
            "env": [
              "INSTANCE_NAME=dov-2"
            ],
            "exit_code": null,
            "gateway": "172.17.0.1",
            "group_add": [],
            "healthcheck": [
              {
                "interval": "30s",
                "retries": 3,
                "start_period": "5s",
                "test": [
                  "CMD-SHELL",
                  "curl -s -f localhost:3000/healthz || exit 1"
                ],
                "timeout": "5s"
              }
            ],
            "host": [],
            "hostname": "a096f8cc041f",
            "id": "a096f8cc041ffc027fb288f1a173910f09f87dfd303fac36f25cb35a56378215",
            "image": "sha256:6a1960b234eaa1625d7a0baf066e0b56bfab9d71d060088b9f732dd283c67a75",
            "init": false,
            "ip_address": "172.17.0.2",
            "ip_prefix_length": 16,
            "ipc_mode": "private",
            "labels": [],
            "links": [],
            "log_driver": "json-file",
            "log_opts": {},
            "logs": false,
            "max_retry_count": 0,
            "memory": 0,
            "memory_swap": 0,
            "mounts": [],
            "must_run": true,
            "name": "dov-2",
            "network_alias": null,
            "network_data": [
              {
                "gateway": "172.17.0.1",
                "global_ipv6_address": "",
                "global_ipv6_prefix_length": 0,
                "ip_address": "172.17.0.2",
                "ip_prefix_length": 16,
                "ipv6_gateway": "",
                "network_name": "bridge"
              }
            ],
            "network_mode": "default",
            "networks": null,
            "networks_advanced": [],
            "pid_mode": "",
            "ports": [
              {
                "external": 49165,
                "internal": 3000,
                "ip": "0.0.0.0",
                "protocol": "tcp"
              }
            ],
            "privileged": false,
            "publish_all_ports": false,
            "read_only": false,
            "remove_volumes": true,
            "restart": "no",
            "rm": false,
            "security_opts": [],
            "shm_size": 64,
            "start": true,
            "stdin_open": false,
            "storage_opts": {},
            "sysctls": {},
            "tmpfs": {},
            "tty": false,
            "ulimit": [],
            "upload": [],
            "user": "",
            "userns_mode": "",
            "volumes": [],
            "working_dir": "/app"
          },
          "sensitive_attributes": [],
          "private": "eyJzY2hlbWFfdmVyc2lvbiI6IjIifQ==",
          "dependencies": [
            "docker_image.dov-bear"
          ]
        }
      ]
    },
    {
      "mode": "managed",
      "type": "docker_image",
      "name": "dov-bear",
      "provider": "provider[\"registry.terraform.io/kreuzwerker/docker\"]",
      "instances": [
        {
          "schema_version": 0,
          "attributes": {
            "build": [],
            "force_remove": null,
            "id": "sha256:6a1960b234eaa1625d7a0baf066e0b56bfab9d71d060088b9f732dd283c67a75chukmunnlee/dov-bear:v2",
            "keep_locally": true,
            "latest": "sha256:6a1960b234eaa1625d7a0baf066e0b56bfab9d71d060088b9f732dd283c67a75",
            "name": "chukmunnlee/dov-bear:v2",
            "output": null,
            "pull_trigger": null,
            "pull_triggers": null,
            "repo_digest": "chukmunnlee/dov-bear@sha256:2ea79cd4613427ab97a952f4fb7914928ad782a7b83022e88927643764c8ec2c"
          },
          "sensitive_attributes": [],
          "private": "bnVsbA=="
        }
      ]
    },
    {
      "mode": "managed",
      "type": "local_file",
      "name": "nginx_conf",
      "provider": "provider[\"registry.terraform.io/hashicorp/local\"]",
      "instances": [
        {
          "schema_version": 0,
          "attributes": {
            "content": "user www-data;\nworker_processes auto;\npid /run/nginx.pid;\n\nevents {\n\tworker_connections 768;\n\t# multi_accept on;\n}\n\nhttp {\n\n\taccess_log /var/log/nginx/access.log;\n\terror_log /var/log/nginx/error.log;\n\n\tgzip on;\n\n\tupstream dov-bear {\n\t\tleast_conn;\n\t\tserver 206.189.92.248:49166;\n\t\tserver 206.189.92.248:49167;\n\t\tserver 206.189.92.248:49165;\n\t}\n\n\tserver {\n\t\tlisten 80;\n\t\tlocation / {\n\t\t\tproxy_pass http://dov-bear;\n\t\t}\n\t}\n}",
            "content_base64": null,
            "directory_permission": "0777",
            "file_permission": "0644",
            "filename": "nginx.conf",
            "id": "ff93e08a8c6af6331f6af77990ee6d9e296c2fdf",
            "sensitive_content": null,
            "source": null
          },
          "sensitive_attributes": [],
          "private": "bnVsbA==",
          "dependencies": [
            "docker_container.dov-bear-container",
            "docker_image.dov-bear"
          ]
        }
      ]
    },
    {
      "mode": "managed",
      "type": "local_file",
      "name": "root_at_ip",
      "provider": "provider[\"registry.terraform.io/hashicorp/local\"]",
      "instances": [
        {
          "schema_version": 0,
          "attributes": {
            "content": "",
            "content_base64": null,
            "directory_permission": "0777",
            "file_permission": "0644",
            "filename": "root@159.223.35.70",
            "id": "da39a3ee5e6b4b0d3255bfef95601890afd80709",
            "sensitive_content": null,
            "source": null
          },
          "sensitive_attributes": [],
          "private": "bnVsbA==",
          "dependencies": [
            "data.digitalocean_ssh_key.chuk",
            "digitalocean_droplet.nginx"
          ]
        }
      ]
    }
  ]
}
