{
  "version": 4,
  "terraform_version": "1.1.7",
  "serial": 10,
  "lineage": "f0ed97d2-68cc-43b7-cefc-d28c5e9c3229",
  "outputs": {},
  "resources": [
    {
      "mode": "data",
      "type": "digitalocean_ssh_key",
      "name": "do_ssh_key",
      "provider": "provider[\"registry.terraform.io/digitalocean/digitalocean\"]",
      "instances": [
        {
          "schema_version": 0,
          "attributes": {
            "fingerprint": "13:16:80:d9:3d:ba:2f:a1:c1:14:80:ee:58:dc:5f:cd",
            "id": 33763936,
            "name": "rootkey",
            "public_key": "ssh-rsa AAAAB3NzaC1yc2EAAAADAQABAAABgQDQwLx5PHrj9EC8JiebDzGNrRSlLi8WBKELDNwzOzpcUEN2MOfXkYtyv3ReRHaaYtwkXZ8ZrO/IsdC4QChYIF6IFMbHpwDNrsOcFVZ3pS4dQdGZrbVxk9kiIVrZ5n4n8uJTvfYwIrSEoXyqB3ZfbcBKyV3Mnzd72if+D5buJ2sYbpb4/kNVXPvgjJc86T5Re9zalrkISiNTDFFbOIlAkYI3NeFQmF1fOY48LtHmRnl2MPZqYTtprBC1kbrBDUuQ+j3sQ8hWDd5lRUoexV8EAXYD2wyfJem3fXq0k7C5/HrYF5+FF1XIq+WGNx7Jcw0eUcjoJXIMQipoSWDuEfATDX0N3/pJs+OQgB3hkmVVrcG+c+vqicNsddKO9cVySQWEcnMb9Vyu0vNermiYXY0tAd0c4b1EOsqlMTz5DRxS/gDGhlu12n+VfUb3Q+Q68E2Gpza7BC2paK8Me0govn8DGIv0sUmquFOBTPwTcI47HjqBDc8YakbUnbt78fi4B9BdtWU= root@ubuntu-s-2vcpu-2gb-sgp1-01"
          },
          "sensitive_attributes": []
        }
      ]
    },
    {
      "mode": "managed",
      "type": "digitalocean_droplet",
      "name": "ansibledroplet",
      "provider": "provider[\"registry.terraform.io/digitalocean/digitalocean\"]",
      "instances": [
        {
          "schema_version": 1,
          "attributes": {
            "backups": false,
            "created_at": "2022-03-23T02:28:38Z",
            "disk": 25,
            "droplet_agent": null,
            "graceful_shutdown": false,
            "id": "291854240",
            "image": "ubuntu-20-04-x64",
            "ipv4_address": "159.65.128.18",
            "ipv4_address_private": "10.104.0.4",
            "ipv6": false,
            "ipv6_address": "",
            "locked": false,
            "memory": 1024,
            "monitoring": false,
            "name": "ansibledroplet",
            "price_hourly": 0.00744,
            "price_monthly": 5,
            "private_networking": true,
            "region": "sgp1",
            "resize_disk": true,
            "size": "s-1vcpu-1gb",
            "ssh_keys": [
              "33763936"
            ],
            "status": "active",
            "tags": null,
            "urn": "do:droplet:291854240",
            "user_data": null,
            "vcpus": 1,
            "volume_ids": [],
            "vpc_uuid": "75410a6b-b7c7-40bb-9307-0b8eee431b67"
          },
          "sensitive_attributes": [],
          "private": "eyJzY2hlbWFfdmVyc2lvbiI6IjEifQ==",
          "dependencies": [
            "data.digitalocean_ssh_key.do_ssh_key"
          ]
        }
      ]
    },
    {
      "mode": "managed",
      "type": "local_file",
      "name": "inventory_file",
      "provider": "provider[\"registry.terraform.io/hashicorp/local\"]",
      "instances": [
        {
          "schema_version": 0,
          "attributes": {
            "content": "all: \n    hosts:\n        server-0:\n            ansible_host: 206.189.92.248\n            ansible_connection: ssh\n            ansible_user: root\n            ansible_ssh_private_key_file: /etc/ansible/hosts/key.txt",
            "content_base64": null,
            "directory_permission": "0777",
            "file_permission": "0644",
            "filename": "inventory.yaml",
            "id": "7ca12403150cc8f942034b246ed2aac283151c95",
            "sensitive_content": null,
            "source": null
          },
          "sensitive_attributes": [],
          "private": "bnVsbA=="
        }
      ]
    }
  ]
}
